
Microsoft Visual Studio Solution File, Format Version 12.00
# Visual Studio 15
VisualStudioVersion = 15.0.28307.421
MinimumVisualStudioVersion = 10.0.40219.1
Project("{FAE04EC0-301F-11D3-BF4B-00C04F79EFBC}") = "CoreDemo", "CoreDemo\CoreDemo.csproj", "{C19A9821-0154-4B25-9EF8-E80B4622669F}"
EndProject
Project("{FAE04EC0-301F-11D3-BF4B-00C04F79EFBC}") = "CoreDemo.Models", "CoreDemo.Models\CoreDemo.Models.csproj", "{7A92CB89-C697-4793-9D8A-7BAE809F2C79}"
EndProject
Global
	GlobalSection(SolutionConfigurationPlatforms) = preSolution
		Debug|Any CPU = Debug|Any CPU
		Release|Any CPU = Release|Any CPU
	EndGlobalSection
	GlobalSection(ProjectConfigurationPlatforms) = postSolution
		{C19A9821-0154-4B25-9EF8-E80B4622669F}.Debug|Any CPU.ActiveCfg = Debug|Any CPU
		{C19A9821-0154-4B25-9EF8-E80B4622669F}.Debug|Any CPU.Build.0 = Debug|Any CPU
		{C19A9821-0154-4B25-9EF8-E80B4622669F}.Release|Any CPU.ActiveCfg = Release|Any CPU
		{C19A9821-0154-4B25-9EF8-E80B4622669F}.Release|Any CPU.Build.0 = Release|Any CPU
		{7A92CB89-C697-4793-9D8A-7BAE809F2C79}.Debug|Any CPU.ActiveCfg = Debug|Any CPU
		{7A92CB89-C697-4793-9D8A-7BAE809F2C79}.Debug|Any CPU.Build.0 = Debug|Any CPU
		{7A92CB89-C697-4793-9D8A-7BAE809F2C79}.Release|Any CPU.ActiveCfg = Release|Any CPU
		{7A92CB89-C697-4793-9D8A-7BAE809F2C79}.Release|Any CPU.Build.0 = Release|Any CPU
	EndGlobalSection
	GlobalSection(SolutionProperties) = preSolution
		HideSolutionNode = FALSE
	EndGlobalSection
	GlobalSection(ExtensibilityGlobals) = postSolution
		SolutionGuid = {A5C68B3C-8AB4-49C7-9EF4-C33183CA8C94}
	EndGlobalSection
EndGlobal
